
Microsoft Visual Studio Solution File, Format Version 12.00
# Visual Studio Version 16
VisualStudioVersion = 16.0.31424.327
MinimumVisualStudioVersion = 10.0.40219.1
Project("{FAE04EC0-301F-11D3-BF4B-00C04F79EFBC}") = "training-2z-204", "training-2z-204\training-2z-204.csproj", "{B442365A-FE42-4D92-8D70-91E0A2853087}"
EndProject
Global
	GlobalSection(SolutionConfigurationPlatforms) = preSolution
		Debug|Any CPU = Debug|Any CPU
		Release|Any CPU = Release|Any CPU
	EndGlobalSection
	GlobalSection(ProjectConfigurationPlatforms) = postSolution
		{B442365A-FE42-4D92-8D70-91E0A2853087}.Debug|Any CPU.ActiveCfg = Debug|Any CPU
		{B442365A-FE42-4D92-8D70-91E0A2853087}.Debug|Any CPU.Build.0 = Debug|Any CPU
		{B442365A-FE42-4D92-8D70-91E0A2853087}.Release|Any CPU.ActiveCfg = Release|Any CPU
		{B442365A-FE42-4D92-8D70-91E0A2853087}.Release|Any CPU.Build.0 = Release|Any CPU
	EndGlobalSection
	GlobalSection(SolutionProperties) = preSolution
		HideSolutionNode = FALSE
	EndGlobalSection
	GlobalSection(ExtensibilityGlobals) = postSolution
		SolutionGuid = {B306EC07-932B-473F-BDD3-5B3D7E8847F9}
	EndGlobalSection
EndGlobal
